
Microsoft Visual Studio Solution File, Format Version 12.00
# Visual Studio 2012
Project("{FAE04EC0-301F-11D3-BF4B-00C04F79EFBC}") = "Specl", "Specl\Specl.csproj", "{80093C68-5FDF-4916-A475-CCC1538BCCCF}"
EndProject
Global
	GlobalSection(SolutionConfigurationPlatforms) = preSolution
		Debug|Any CPU = Debug|Any CPU
		Release|Any CPU = Release|Any CPU
	EndGlobalSection
	GlobalSection(ProjectConfigurationPlatforms) = postSolution
		{80093C68-5FDF-4916-A475-CCC1538BCCCF}.Debug|Any CPU.ActiveCfg = Debug|Any CPU
		{80093C68-5FDF-4916-A475-CCC1538BCCCF}.Debug|Any CPU.Build.0 = Debug|Any CPU
		{80093C68-5FDF-4916-A475-CCC1538BCCCF}.Release|Any CPU.ActiveCfg = Release|Any CPU
		{80093C68-5FDF-4916-A475-CCC1538BCCCF}.Release|Any CPU.Build.0 = Release|Any CPU
	EndGlobalSection
EndGlobal
